<?xml version="1.0" encoding="utf-8"?>
<Project ToolsVersion="4.0" xmlns="http://schemas.microsoft.com/developer/msbuild/2003">
  <ItemGroup>
    <ClInclude Include="Scene\Atmosphere.h">
      <Filter>Scene</Filter>
    </ClInclude>
    <ClInclude Include="Renderer\Shaders\BaseShader.h">
      <Filter>Renderer\Shaders</Filter>
    </ClInclude>
    <ClInclude Include="Renderer\Shaders\FragmentShader.h">
      <Filter>Renderer\Shaders</Filter>
    </ClInclude>
    <ClInclude Include="Renderer\Shaders\GeometryShader.h">
      <Filter>Renderer\Shaders</Filter>
    </ClInclude>
    <ClInclude Include="Include\IApplication.h">
      <Filter>Include</Filter>
    </ClInclude>
    <ClInclude Include="Renderer\Shaders\TessEvaluationShader.h">
      <Filter>Renderer\Shaders</Filter>
    </ClInclude>
    <ClInclude Include="Renderer\Shaders\TessControlShader.h">
      <Filter>Renderer\Shaders</Filter>
    </ClInclude>
    <ClInclude Include="Renderer\Shaders\VertexShader.h">
      <Filter>Renderer\Shaders</Filter>
    </ClInclude>
    <ClInclude Include="Renderer\Window.h">
      <Filter>Renderer</Filter>
    </ClInclude>
    <ClInclude Include="Engine_impl.h" />
    <ClInclude Include="Include\Engine.h">
      <Filter>Include</Filter>
    </ClInclude>
    <ClInclude Include="Include\Scene.h">
      <Filter>Include</Filter>
    </ClInclude>
    <ClInclude Include="Scene\Scene_impl.h">
      <Filter>Scene</Filter>
    </ClInclude>
    <ClInclude Include="Include\Key.h">
      <Filter>Include</Filter>
    </ClInclude>
    <ClInclude Include="Renderer\Renderer.h">
      <Filter>Renderer</Filter>
    </ClInclude>
    <ClInclude Include="Scene\Entity_impl.h">
      <Filter>Scene</Filter>
    </ClInclude>
    <ClInclude Include="Include\Material.h">
      <Filter>Include</Filter>
    </ClInclude>
    <ClInclude Include="Include\Mesh.h">
      <Filter>Include</Filter>
    </ClInclude>
    <ClInclude Include="Include\Color.h">
      <Filter>Include</Filter>
    </ClInclude>
    <ClInclude Include="Renderer\PolygonMode.h">
      <Filter>Renderer</Filter>
    </ClInclude>
    <ClInclude Include="Include\MeshLibrary.h">
      <Filter>Include</Filter>
    </ClInclude>
    <ClInclude Include="Libraries\MeshLibrary_impl.h">
      <Filter>Libraries</Filter>
    </ClInclude>
    <ClInclude Include="Libraries\MaterialLibrary_impl.h">
      <Filter>Libraries</Filter>
    </ClInclude>
    <ClInclude Include="Include\MaterialLibrary.h">
      <Filter>Include</Filter>
    </ClInclude>
    <ClInclude Include="Include\Camera.h">
      <Filter>Include</Filter>
    </ClInclude>
    <ClInclude Include="Scene\Camera_impl.h">
      <Filter>Scene</Filter>
    </ClInclude>
    <ClInclude Include="EngineDefines.h" />
    <ClInclude Include="Resources\Resources.h">
      <Filter>Resources</Filter>
    </ClInclude>
    <ClInclude Include="Include\Entity.h">
      <Filter>Include</Filter>
    </ClInclude>
    <ClInclude Include="Libraries\EntityLibrary.h">
      <Filter>Libraries</Filter>
    </ClInclude>
    <ClInclude Include="Scene\Mesh_impl.h">
      <Filter>Scene</Filter>
    </ClInclude>
    <ClInclude Include="Scene\Material_impl.h">
      <Filter>Scene</Filter>
    </ClInclude>
    <ClInclude Include="Renderer\UniformBuffer.h">
      <Filter>Renderer</Filter>
    </ClInclude>
    <ClInclude Include="Renderer\IRenderable.h">
      <Filter>Renderer</Filter>
    </ClInclude>
    <ClInclude Include="Renderer\Renderables\RenderableEntity.h">
      <Filter>Renderer\Renderables</Filter>
    </ClInclude>
    <ClInclude Include="Renderer\RendererDefines.h">
      <Filter>Renderer</Filter>
    </ClInclude>
    <ClInclude Include="Renderer\VertexData.h">
      <Filter>Renderer</Filter>
    </ClInclude>
    <ClInclude Include="Renderer\Shaders\Shaders.h">
      <Filter>Renderer\Shaders</Filter>
    </ClInclude>
    <ClInclude Include="Renderer\Shaders\ShaderFactory.h">
      <Filter>Renderer\Shaders</Filter>
    </ClInclude>
    <ClInclude Include="Renderer\Shaders\Shader.h">
      <Filter>Renderer\Shaders</Filter>
    </ClInclude>
    <ClInclude Include="Renderer\Text\Text.h">
      <Filter>Renderer\Text</Filter>
    </ClInclude>
    <ClInclude Include="Renderer\Terrain\Node.h">
      <Filter>Renderer\Terrain</Filter>
    </ClInclude>
    <ClInclude Include="Renderer\Terrain\QuadTree.h">
      <Filter>Renderer\Terrain</Filter>
    </ClInclude>
    <ClInclude Include="Renderer\Terrain\QuadTreeUniformLocations.h">
      <Filter>Renderer\Terrain</Filter>
    </ClInclude>
    <ClInclude Include="Renderer\Terrain\Terrain.h">
      <Filter>Renderer\Terrain</Filter>
    </ClInclude>
    <ClInclude Include="ProspectEngine_pch.h" />
  </ItemGroup>
  <ItemGroup>
    <ClCompile Include="Engine.cpp" />
    <ClCompile Include="Scene\Atmosphere.cpp">
      <Filter>Scene</Filter>
    </ClCompile>
    <ClCompile Include="Renderer\Shaders\BaseShader.cpp">
      <Filter>Renderer\Shaders</Filter>
    </ClCompile>
    <ClCompile Include="Renderer\Shaders\FragmentShader.cpp">
      <Filter>Renderer\Shaders</Filter>
    </ClCompile>
    <ClCompile Include="Renderer\Shaders\GeometryShader.cpp">
      <Filter>Renderer\Shaders</Filter>
    </ClCompile>
    <ClCompile Include="Renderer\Shaders\TessControlShader.cpp">
      <Filter>Renderer\Shaders</Filter>
    </ClCompile>
    <ClCompile Include="Renderer\Shaders\TessEvaluationShader.cpp">
      <Filter>Renderer\Shaders</Filter>
    </ClCompile>
    <ClCompile Include="Renderer\Shaders\VertexShader.cpp">
      <Filter>Renderer\Shaders</Filter>
    </ClCompile>
    <ClCompile Include="Renderer\Window.cpp">
      <Filter>Renderer</Filter>
    </ClCompile>
    <ClCompile Include="Scene\Scene.cpp">
      <Filter>Scene</Filter>
    </ClCompile>
    <ClCompile Include="Engine_impl.cpp" />
    <ClCompile Include="Scene\Scene_impl.cpp">
      <Filter>Scene</Filter>
    </ClCompile>
    <ClCompile Include="Renderer\Renderer.cpp">
      <Filter>Renderer</Filter>
    </ClCompile>
    <ClCompile Include="Scene\Entity_impl.cpp">
      <Filter>Scene</Filter>
    </ClCompile>
    <ClCompile Include="Scene\Material.cpp">
      <Filter>Scene</Filter>
    </ClCompile>
    <ClCompile Include="Scene\Mesh.cpp">
      <Filter>Scene</Filter>
    </ClCompile>
    <ClCompile Include="Libraries\MeshLibrary.cpp">
      <Filter>Libraries</Filter>
    </ClCompile>
    <ClCompile Include="Libraries\MeshLibrary_impl.cpp">
      <Filter>Libraries</Filter>
    </ClCompile>
    <ClCompile Include="Libraries\MaterialLibrary.cpp">
      <Filter>Libraries</Filter>
    </ClCompile>
    <ClCompile Include="Scene\Camera_impl.cpp">
      <Filter>Scene</Filter>
    </ClCompile>
    <ClCompile Include="Scene\Camera.cpp">
      <Filter>Scene</Filter>
    </ClCompile>
    <ClCompile Include="Scene\Entity.cpp">
      <Filter>Scene</Filter>
    </ClCompile>
    <ClCompile Include="Resources\Resources.cpp">
      <Filter>Resources</Filter>
    </ClCompile>
    <ClCompile Include="Libraries\MaterialLibrary_impl.cpp">
      <Filter>Libraries</Filter>
    </ClCompile>
    <ClCompile Include="Libraries\EntityLibrary.cpp">
      <Filter>Libraries</Filter>
    </ClCompile>
    <ClCompile Include="Scene\Mesh_impl.cpp">
      <Filter>Scene</Filter>
    </ClCompile>
    <ClCompile Include="Scene\Material_impl.cpp">
      <Filter>Scene</Filter>
    </ClCompile>
    <ClCompile Include="Renderer\UniformBuffer.cpp">
      <Filter>Renderer</Filter>
    </ClCompile>
    <ClCompile Include="Renderer\Renderables\RenderableEntity.cpp">
      <Filter>Renderer\Renderables</Filter>
    </ClCompile>
    <ClCompile Include="Renderer\VertexData.cpp">
      <Filter>Renderer</Filter>
    </ClCompile>
    <ClCompile Include="Renderer\Shaders\ShaderFactory.cpp">
      <Filter>Renderer\Shaders</Filter>
    </ClCompile>
    <ClCompile Include="Renderer\Shaders\Shader.cpp">
      <Filter>Renderer\Shaders</Filter>
    </ClCompile>
    <ClCompile Include="Renderer\Text\Text.cpp">
      <Filter>Renderer\Text</Filter>
    </ClCompile>
    <ClCompile Include="Renderer\Terrain\Node.cpp">
      <Filter>Renderer\Terrain</Filter>
    </ClCompile>
    <ClCompile Include="Renderer\Terrain\QuadTree.cpp">
      <Filter>Renderer\Terrain</Filter>
    </ClCompile>
    <ClCompile Include="Renderer\Terrain\Terrain.cpp">
      <Filter>Renderer\Terrain</Filter>
    </ClCompile>
    <ClCompile Include="ProspectEngine_pch.cpp" />
  </ItemGroup>
  <ItemGroup>
    <Filter Include="Renderer">
      <UniqueIdentifier>{52da1ea7-c6be-408b-b335-08fba5840556}</UniqueIdentifier>
    </Filter>
    <Filter Include="Scene">
      <UniqueIdentifier>{3399df07-bd2c-469a-8d71-f782cc3cf595}</UniqueIdentifier>
    </Filter>
    <Filter Include="Include">
      <UniqueIdentifier>{37dfec71-f162-4ad7-824a-540a0f27257e}</UniqueIdentifier>
    </Filter>
    <Filter Include="Renderer\Shaders">
      <UniqueIdentifier>{cc72e1be-5208-40ac-b576-94ee0703df0c}</UniqueIdentifier>
    </Filter>
    <Filter Include="Resources">
      <UniqueIdentifier>{62459996-0a44-4ee6-99e6-2eb16e579061}</UniqueIdentifier>
    </Filter>
    <Filter Include="Resources\Textures">
      <UniqueIdentifier>{09e6e445-a378-44a1-a225-030642e041ba}</UniqueIdentifier>
    </Filter>
    <Filter Include="Resources\Shaders">
      <UniqueIdentifier>{5b6a08ec-e3a7-4a2d-8036-aeb5fa9efa91}</UniqueIdentifier>
    </Filter>
    <Filter Include="Libraries">
      <UniqueIdentifier>{d1c41439-c8db-473a-87f7-8477352d928e}</UniqueIdentifier>
    </Filter>
    <Filter Include="Renderer\Renderables">
      <UniqueIdentifier>{30caef76-d044-47e3-91c4-05f1f49d8e30}</UniqueIdentifier>
    </Filter>
    <Filter Include="Renderer\Text">
      <UniqueIdentifier>{0898f028-352e-44ba-935a-67b56091cad2}</UniqueIdentifier>
    </Filter>
    <Filter Include="Resources\Fonts">
      <UniqueIdentifier>{a26ab673-7d6f-45e7-8d54-0341544e6f63}</UniqueIdentifier>
    </Filter>
    <Filter Include="Renderer\Terrain">
      <UniqueIdentifier>{ee81ce71-3c95-4234-814a-996dfd20ccaf}</UniqueIdentifier>
    </Filter>
  </ItemGroup>
  <ItemGroup>
    <Image Include="Resources\Textures\terrain1.bmp">
      <Filter>Resources\Textures</Filter>
    </Image>
  </ItemGroup>
  <ItemGroup>
    <None Include="Resources\Shaders\cubemap.fs.glsl">
      <Filter>Resources\Shaders</Filter>
    </None>
    <None Include="Resources\Shaders\cubemap.vs.glsl">
      <Filter>Resources\Shaders</Filter>
    </None>
    <None Include="Resources\Shaders\terrain.fs.glsl">
      <Filter>Resources\Shaders</Filter>
    </None>
    <None Include="Resources\Shaders\terrain.tcs.glsl">
      <Filter>Resources\Shaders</Filter>
    </None>
    <None Include="Resources\Shaders\terrain.tes.glsl">
      <Filter>Resources\Shaders</Filter>
    </None>
    <None Include="Resources\Shaders\terrain.vs.glsl">
      <Filter>Resources\Shaders</Filter>
    </None>
    <None Include="Resources\Shaders\atmosphere.fs.glsl">
      <Filter>Resources\Shaders</Filter>
    </None>
    <None Include="Resources\Shaders\atmosphere.vs.glsl">
      <Filter>Resources\Shaders</Filter>
    </None>
    <None Include="Resources\Shaders\simple.vs.glsl">
      <Filter>Resources\Shaders</Filter>
    </None>
    <None Include="Resources\Shaders\simple.fs.glsl">
      <Filter>Resources\Shaders</Filter>
    </None>
    <None Include="Resources\Shaders\text.fs.glsl">
      <Filter>Resources\Shaders</Filter>
    </None>
    <None Include="Resources\Shaders\text.vs.glsl">
      <Filter>Resources\Shaders</Filter>
    </None>
  </ItemGroup>
  <ItemGroup>
    <Font Include="Resources\Fonts\arial.ttf">
      <Filter>Resources\Fonts</Filter>
    </Font>
  </ItemGroup>
</Project>