<?xml version="1.0" encoding="utf-8"?>
<Project ToolsVersion="4.0" xmlns="http://schemas.microsoft.com/developer/msbuild/2003">
  <ItemGroup>
    <ClInclude Include="Scene\Atmosphere.h">
      <Filter>Scene</Filter>
    </ClInclude>
    <ClInclude Include="Renderer\Shaders\BaseShader.h">
      <Filter>Renderer\Shaders</Filter>
    </ClInclude>
    <ClInclude Include="Scene\Camera.h">
      <Filter>Scene</Filter>
    </ClInclude>
    <ClInclude Include="Renderer\Shaders\FragmentShader.h">
      <Filter>Renderer\Shaders</Filter>
    </ClInclude>
    <ClInclude Include="Renderer\Shaders\GeometryShader.h">
      <Filter>Renderer\Shaders</Filter>
    </ClInclude>
    <ClInclude Include="Include\IApplication.h">
      <Filter>Include</Filter>
    </ClInclude>
    <ClInclude Include="Renderer\QuadTree\Node.h">
      <Filter>Renderer\QuadTree</Filter>
    </ClInclude>
    <ClInclude Include="Defaults.h" />
    <ClInclude Include="Renderer\Shaders\TessEvaluationShader.h">
      <Filter>Renderer\Shaders</Filter>
    </ClInclude>
    <ClInclude Include="Renderer\Shaders\TessControlShader.h">
      <Filter>Renderer\Shaders</Filter>
    </ClInclude>
    <ClInclude Include="Renderer\Shaders\VertexShader.h">
      <Filter>Renderer\Shaders</Filter>
    </ClInclude>
    <ClInclude Include="Renderer\Window.h">
      <Filter>Renderer</Filter>
    </ClInclude>
    <ClInclude Include="Renderer\QuadTree\QuadTreeUniformLocations.h">
      <Filter>Renderer\QuadTree</Filter>
    </ClInclude>
    <ClInclude Include="Renderer\QuadTree\QuadTree.h">
      <Filter>Renderer\QuadTree</Filter>
    </ClInclude>
    <ClInclude Include="Renderer\Shaders\ShaderProgram.h">
      <Filter>Renderer\Shaders</Filter>
    </ClInclude>
    <ClInclude Include="Scene\Terrain.h">
      <Filter>Scene</Filter>
    </ClInclude>
    <ClInclude Include="Engine_impl.h" />
    <ClInclude Include="Include\Engine.h">
      <Filter>Include</Filter>
    </ClInclude>
    <ClInclude Include="Include\Scene.h">
      <Filter>Include</Filter>
    </ClInclude>
    <ClInclude Include="Scene\Scene_impl.h">
      <Filter>Scene</Filter>
    </ClInclude>
    <ClInclude Include="Include\Defines.h">
      <Filter>Include</Filter>
    </ClInclude>
    <ClInclude Include="Include\Key.h">
      <Filter>Include</Filter>
    </ClInclude>
    <ClInclude Include="Renderer\Renderer.h">
      <Filter>Renderer</Filter>
    </ClInclude>
    <ClInclude Include="Resources.h" />
    <ClInclude Include="Resources\VertexArray.h">
      <Filter>Renderer</Filter>
    </ClInclude>
    <ClInclude Include="Renderer\Shaders\Shaders.h">
      <Filter>Renderer</Filter>
    </ClInclude>
    <ClInclude Include="Scene\Entity_impl.h">
      <Filter>Scene</Filter>
    </ClInclude>
    <ClInclude Include="Include\Entity.h" />
    <ClInclude Include="Include\Material.h">
      <Filter>Include</Filter>
    </ClInclude>
    <ClInclude Include="Include\Mesh.h">
      <Filter>Include</Filter>
    </ClInclude>
    <ClInclude Include="Include\Color.h">
      <Filter>Include</Filter>
    </ClInclude>
    <ClInclude Include="Renderer\Renderable.h">
      <Filter>Renderer</Filter>
    </ClInclude>
    <ClInclude Include="RendererDefines.h">
      <Filter>Renderer</Filter>
    </ClInclude>
    <ClInclude Include="Renderer\PolygonMode.h">
      <Filter>Renderer</Filter>
    </ClInclude>
    <ClInclude Include="Include\MeshLibrary.h">
      <Filter>Include</Filter>
    </ClInclude>
    <ClInclude Include="Libraries\MeshLibrary_impl.h">
      <Filter>Libraries</Filter>
    </ClInclude>
    <ClInclude Include="Renderer\RenderableMesh.h">
      <Filter>Renderer</Filter>
    </ClInclude>
  </ItemGroup>
  <ItemGroup>
    <ClCompile Include="Engine.cpp" />
    <ClCompile Include="Scene\Atmosphere.cpp">
      <Filter>Scene</Filter>
    </ClCompile>
    <ClCompile Include="Renderer\Shaders\BaseShader.cpp">
      <Filter>Renderer\Shaders</Filter>
    </ClCompile>
    <ClCompile Include="Scene\Camera.cpp">
      <Filter>Scene</Filter>
    </ClCompile>
    <ClCompile Include="Renderer\Shaders\FragmentShader.cpp">
      <Filter>Renderer\Shaders</Filter>
    </ClCompile>
    <ClCompile Include="Renderer\Shaders\GeometryShader.cpp">
      <Filter>Renderer\Shaders</Filter>
    </ClCompile>
    <ClCompile Include="Renderer\QuadTree\Node.cpp">
      <Filter>Renderer\QuadTree</Filter>
    </ClCompile>
    <ClCompile Include="Renderer\Shaders\TessControlShader.cpp">
      <Filter>Renderer\Shaders</Filter>
    </ClCompile>
    <ClCompile Include="Renderer\Shaders\TessEvaluationShader.cpp">
      <Filter>Renderer\Shaders</Filter>
    </ClCompile>
    <ClCompile Include="Renderer\Shaders\VertexShader.cpp">
      <Filter>Renderer\Shaders</Filter>
    </ClCompile>
    <ClCompile Include="Renderer\Window.cpp">
      <Filter>Renderer</Filter>
    </ClCompile>
    <ClCompile Include="Renderer\QuadTree\QuadTree.cpp">
      <Filter>Renderer\QuadTree</Filter>
    </ClCompile>
    <ClCompile Include="Renderer\Shaders\ShaderProgram.cpp">
      <Filter>Renderer\Shaders</Filter>
    </ClCompile>
    <ClCompile Include="Scene\Scene.cpp">
      <Filter>Scene</Filter>
    </ClCompile>
    <ClCompile Include="Scene\Terrain.cpp">
      <Filter>Scene</Filter>
    </ClCompile>
    <ClCompile Include="Engine_impl.cpp" />
    <ClCompile Include="Scene\Scene_impl.cpp">
      <Filter>Scene</Filter>
    </ClCompile>
    <ClCompile Include="Renderer\Renderer.cpp">
      <Filter>Renderer</Filter>
    </ClCompile>
    <ClCompile Include="Resources.cpp" />
    <ClCompile Include="Scene\Entity_impl.cpp">
      <Filter>Scene</Filter>
    </ClCompile>
    <ClCompile Include="Scene\Material.cpp">
      <Filter>Scene</Filter>
    </ClCompile>
    <ClCompile Include="Scene\Mesh.cpp">
      <Filter>Scene</Filter>
    </ClCompile>
    <ClCompile Include="Scene\Entity.cpp" />
    <ClCompile Include="Renderer\Renderable.cpp">
      <Filter>Renderer</Filter>
    </ClCompile>
    <ClCompile Include="Libraries\MeshLibrary.cpp">
      <Filter>Libraries</Filter>
    </ClCompile>
    <ClCompile Include="Libraries\MeshLibrary_impl.cpp">
      <Filter>Libraries</Filter>
    </ClCompile>
    <ClCompile Include="Renderer\RenderableMesh.cpp">
      <Filter>Renderer</Filter>
    </ClCompile>
  </ItemGroup>
  <ItemGroup>
    <Filter Include="Renderer">
      <UniqueIdentifier>{52da1ea7-c6be-408b-b335-08fba5840556}</UniqueIdentifier>
    </Filter>
    <Filter Include="Scene">
      <UniqueIdentifier>{3399df07-bd2c-469a-8d71-f782cc3cf595}</UniqueIdentifier>
    </Filter>
    <Filter Include="Include">
      <UniqueIdentifier>{37dfec71-f162-4ad7-824a-540a0f27257e}</UniqueIdentifier>
    </Filter>
    <Filter Include="Renderer\QuadTree">
      <UniqueIdentifier>{24796140-a448-4476-8dae-a8f1b5c60ef9}</UniqueIdentifier>
    </Filter>
    <Filter Include="Renderer\Shaders">
      <UniqueIdentifier>{cc72e1be-5208-40ac-b576-94ee0703df0c}</UniqueIdentifier>
    </Filter>
    <Filter Include="Resources">
      <UniqueIdentifier>{62459996-0a44-4ee6-99e6-2eb16e579061}</UniqueIdentifier>
    </Filter>
    <Filter Include="Resources\Textures">
      <UniqueIdentifier>{09e6e445-a378-44a1-a225-030642e041ba}</UniqueIdentifier>
    </Filter>
    <Filter Include="Resources\Shaders">
      <UniqueIdentifier>{5b6a08ec-e3a7-4a2d-8036-aeb5fa9efa91}</UniqueIdentifier>
    </Filter>
    <Filter Include="Libraries">
      <UniqueIdentifier>{d1c41439-c8db-473a-87f7-8477352d928e}</UniqueIdentifier>
    </Filter>
  </ItemGroup>
  <ItemGroup>
    <Image Include="Resources\Textures\terrain1.bmp">
      <Filter>Resources\Textures</Filter>
    </Image>
  </ItemGroup>
  <ItemGroup>
    <None Include="Resources\Shaders\cubemap.fs.glsl">
      <Filter>Resources\Shaders</Filter>
    </None>
    <None Include="Resources\Shaders\cubemap.vs.glsl">
      <Filter>Resources\Shaders</Filter>
    </None>
    <None Include="Resources\Shaders\terrain.fs.glsl">
      <Filter>Resources\Shaders</Filter>
    </None>
    <None Include="Resources\Shaders\terrain.tcs.glsl">
      <Filter>Resources\Shaders</Filter>
    </None>
    <None Include="Resources\Shaders\terrain.tes.glsl">
      <Filter>Resources\Shaders</Filter>
    </None>
    <None Include="Resources\Shaders\terrain.vs.glsl">
      <Filter>Resources\Shaders</Filter>
    </None>
    <None Include="Resources\Shaders\atmosphere.fs.glsl">
      <Filter>Resources\Shaders</Filter>
    </None>
    <None Include="Resources\Shaders\atmosphere.vs.glsl">
      <Filter>Resources\Shaders</Filter>
    </None>
    <None Include="Resources\Shaders\simple.vs.glsl">
      <Filter>Resources\Shaders</Filter>
    </None>
    <None Include="Resources\Shaders\simple.fs.glsl">
      <Filter>Resources\Shaders</Filter>
    </None>
  </ItemGroup>
</Project>