<?xml version="1.0" encoding="utf-8"?>
<Project ToolsVersion="4.0" xmlns="http://schemas.microsoft.com/developer/msbuild/2003">
  <ItemGroup>
    <ClCompile Include="main.cpp" />
    <ClCompile Include="TestApplication.cpp" />
    <ClCompile Include="Player.cpp" />
  </ItemGroup>
  <ItemGroup>
    <ClInclude Include="TestApplication.h" />
    <ClInclude Include="Player.h" />
  </ItemGroup>
  <ItemGroup>
    <Filter Include="Textures">
      <UniqueIdentifier>{16b90e46-15e8-49cc-aea1-2668f8fbf16c}</UniqueIdentifier>
    </Filter>
  </ItemGroup>
  <ItemGroup>
    <Image Include="Textures\texture_dirt.png">
      <Filter>Textures</Filter>
    </Image>
    <Image Include="Textures\texture_grass.png">
      <Filter>Textures</Filter>
    </Image>
    <Image Include="Textures\texture_noise.bmp">
      <Filter>Textures</Filter>
    </Image>
    <Image Include="Textures\texture_wind.png">
      <Filter>Textures</Filter>
    </Image>
    <Image Include="Textures\bagstone.bmp">
      <Filter>Textures</Filter>
    </Image>
    <Image Include="Textures\bagstone2.bmp">
      <Filter>Textures</Filter>
    </Image>
  </ItemGroup>
</Project>