<?xml version="1.0" encoding="utf-8"?>
<Project ToolsVersion="4.0" xmlns="http://schemas.microsoft.com/developer/msbuild/2003">
  <ItemGroup>
    <ClCompile Include="main.cpp" />
    <ClCompile Include="Window.cpp" />
    <ClCompile Include="Application.cpp" />
    <ClCompile Include="BaseShader.cpp">
      <Filter>Shaders</Filter>
    </ClCompile>
    <ClCompile Include="ShaderProgram.cpp">
      <Filter>Shaders</Filter>
    </ClCompile>
    <ClCompile Include="Terrain.cpp" />
    <ClCompile Include="Atmosphere.cpp" />
  </ItemGroup>
  <ItemGroup>
    <ClInclude Include="Window.h" />
    <ClInclude Include="Application.h" />
    <ClInclude Include="IApplication.h" />
    <ClInclude Include="VertexShader.h">
      <Filter>Shaders</Filter>
    </ClInclude>
    <ClInclude Include="BaseShader.h">
      <Filter>Shaders</Filter>
    </ClInclude>
    <ClInclude Include="FragmentShader.h">
      <Filter>Shaders</Filter>
    </ClInclude>
    <ClInclude Include="ShaderProgram.h">
      <Filter>Shaders</Filter>
    </ClInclude>
    <ClInclude Include="Terrain.h" />
    <ClInclude Include="Atmosphere.h" />
    <ClInclude Include="TessEvaluationShader.h">
      <Filter>Shaders</Filter>
    </ClInclude>
    <ClInclude Include="TessControlShader.h">
      <Filter>Shaders</Filter>
    </ClInclude>
    <ClInclude Include="GeometryShader.h">
      <Filter>Shaders</Filter>
    </ClInclude>
    <ClInclude Include="CubeMap.h" />
    <ClInclude Include="QuadTree.h" />
    <ClInclude Include="Node.h" />
  </ItemGroup>
  <ItemGroup>
    <Filter Include="ShadersFiles">
      <UniqueIdentifier>{1cc03516-f6d5-44f0-89ff-3659c61b4475}</UniqueIdentifier>
    </Filter>
    <Filter Include="Shaders">
      <UniqueIdentifier>{b27cbef4-acf3-41cc-af63-c9086837751a}</UniqueIdentifier>
    </Filter>
    <Filter Include="ShadersFiles\Atmosphere">
      <UniqueIdentifier>{ddb92876-00b9-4f04-9f05-0c2a4ce5effb}</UniqueIdentifier>
    </Filter>
    <Filter Include="ShadersFiles\Terrain">
      <UniqueIdentifier>{e2d98ff1-2253-42b2-a311-c191670eff7d}</UniqueIdentifier>
    </Filter>
  </ItemGroup>
  <ItemGroup>
    <None Include="ShaderFiles\terrain.fs.glsl">
      <Filter>ShadersFiles\Terrain</Filter>
    </None>
    <None Include="ShaderFiles\terrain.vs.glsl">
      <Filter>ShadersFiles\Terrain</Filter>
    </None>
    <None Include="ShaderFiles\atmosphere.vs.glsl">
      <Filter>ShadersFiles\Atmosphere</Filter>
    </None>
    <None Include="ShaderFiles\atmosphere.fs.glsl">
      <Filter>ShadersFiles\Atmosphere</Filter>
    </None>
    <None Include="ShaderFiles\terrain.tes.glsl">
      <Filter>ShadersFiles\Terrain</Filter>
    </None>
    <None Include="ShaderFiles\terrain.tcs.glsl">
      <Filter>ShadersFiles\Terrain</Filter>
    </None>
    <None Include="ShaderFiles\cubemap.fs.glsl">
      <Filter>ShadersFiles</Filter>
    </None>
    <None Include="ShaderFiles\cubemap.vs.glsl">
      <Filter>ShadersFiles</Filter>
    </None>
  </ItemGroup>
</Project>