<?xml version="1.0" encoding="utf-8"?>
<Project ToolsVersion="4.0" xmlns="http://schemas.microsoft.com/developer/msbuild/2003">
  <ItemGroup>
    <ClCompile Include="main.cpp" />
    <ClCompile Include="BaseShader.cpp">
      <Filter>Prospect\Renderer\Shaders</Filter>
    </ClCompile>
    <ClCompile Include="ShaderProgram.cpp">
      <Filter>Prospect\Renderer\Shaders</Filter>
    </ClCompile>
    <ClCompile Include="Node.cpp">
      <Filter>Prospect\Renderer\QuadTree</Filter>
    </ClCompile>
    <ClCompile Include="QuadTree.cpp">
      <Filter>Prospect\Renderer\QuadTree</Filter>
    </ClCompile>
    <ClCompile Include="TestApplication.cpp" />
    <ClCompile Include="Atmosphere.cpp">
      <Filter>Prospect\Misc\Objects</Filter>
    </ClCompile>
    <ClCompile Include="Terrain.cpp">
      <Filter>Prospect\Misc\Objects</Filter>
    </ClCompile>
    <ClCompile Include="Engine.cpp">
      <Filter>Prospect</Filter>
    </ClCompile>
    <ClCompile Include="Window.cpp">
      <Filter>Prospect\Renderer</Filter>
    </ClCompile>
    <ClCompile Include="Camera.cpp">
      <Filter>Prospect\Scene</Filter>
    </ClCompile>
    <ClCompile Include="Scene.cpp">
      <Filter>Prospect\Scene</Filter>
    </ClCompile>
    <ClCompile Include="FragmentShader.cpp">
      <Filter>Prospect\Renderer\Shaders</Filter>
    </ClCompile>
    <ClCompile Include="GeometryShader.cpp">
      <Filter>Prospect\Renderer\Shaders</Filter>
    </ClCompile>
    <ClCompile Include="TessControlShader.cpp">
      <Filter>Prospect\Renderer\Shaders</Filter>
    </ClCompile>
    <ClCompile Include="TessEvaluationShader.cpp">
      <Filter>Prospect\Renderer\Shaders</Filter>
    </ClCompile>
    <ClCompile Include="VertexShader.cpp">
      <Filter>Prospect\Renderer\Shaders</Filter>
    </ClCompile>
  </ItemGroup>
  <ItemGroup>
    <ClInclude Include="VertexShader.h">
      <Filter>Prospect\Renderer\Shaders</Filter>
    </ClInclude>
    <ClInclude Include="BaseShader.h">
      <Filter>Prospect\Renderer\Shaders</Filter>
    </ClInclude>
    <ClInclude Include="FragmentShader.h">
      <Filter>Prospect\Renderer\Shaders</Filter>
    </ClInclude>
    <ClInclude Include="ShaderProgram.h">
      <Filter>Prospect\Renderer\Shaders</Filter>
    </ClInclude>
    <ClInclude Include="TessEvaluationShader.h">
      <Filter>Prospect\Renderer\Shaders</Filter>
    </ClInclude>
    <ClInclude Include="TessControlShader.h">
      <Filter>Prospect\Renderer\Shaders</Filter>
    </ClInclude>
    <ClInclude Include="GeometryShader.h">
      <Filter>Prospect\Renderer\Shaders</Filter>
    </ClInclude>
    <ClInclude Include="Node.h">
      <Filter>Prospect\Renderer\QuadTree</Filter>
    </ClInclude>
    <ClInclude Include="QuadTree.h">
      <Filter>Prospect\Renderer\QuadTree</Filter>
    </ClInclude>
    <ClInclude Include="QuadTreeUniformLocations.h">
      <Filter>Prospect\Renderer\QuadTree</Filter>
    </ClInclude>
    <ClInclude Include="TestApplication.h" />
    <ClInclude Include="Scene.h">
      <Filter>Prospect\Scene</Filter>
    </ClInclude>
    <ClInclude Include="Object.h">
      <Filter>Prospect\Scene</Filter>
    </ClInclude>
    <ClInclude Include="Camera.h">
      <Filter>Prospect\Scene</Filter>
    </ClInclude>
    <ClInclude Include="PolygonMode.h">
      <Filter>Prospect\Enums</Filter>
    </ClInclude>
    <ClInclude Include="IApplication.h">
      <Filter>Prospect</Filter>
    </ClInclude>
    <ClInclude Include="Defaults.h">
      <Filter>Prospect</Filter>
    </ClInclude>
    <ClInclude Include="Key.h">
      <Filter>Prospect\Enums</Filter>
    </ClInclude>
    <ClInclude Include="Atmosphere.h">
      <Filter>Prospect\Misc\Objects</Filter>
    </ClInclude>
    <ClInclude Include="Terrain.h">
      <Filter>Prospect\Misc\Objects</Filter>
    </ClInclude>
    <ClInclude Include="State.h">
      <Filter>Prospect\Renderer</Filter>
    </ClInclude>
    <ClInclude Include="Window.h">
      <Filter>Prospect\Renderer</Filter>
    </ClInclude>
    <ClInclude Include="Engine.h">
      <Filter>Prospect</Filter>
    </ClInclude>
  </ItemGroup>
  <ItemGroup>
    <Filter Include="Prospect">
      <UniqueIdentifier>{02ee15d9-4bfb-46c8-a157-c7ebc5de582b}</UniqueIdentifier>
    </Filter>
    <Filter Include="Prospect\Scene">
      <UniqueIdentifier>{fe486d3d-8eb4-49ab-a9ce-a59feb857489}</UniqueIdentifier>
    </Filter>
    <Filter Include="Prospect\Enums">
      <UniqueIdentifier>{1990d1e6-4d61-450e-a877-c9e3612711f0}</UniqueIdentifier>
    </Filter>
    <Filter Include="Prospect\Renderer">
      <UniqueIdentifier>{4733a5f2-1f5c-4ec6-aff4-e4e5215e5804}</UniqueIdentifier>
    </Filter>
    <Filter Include="Prospect\Renderer\QuadTree">
      <UniqueIdentifier>{d6d039eb-61f2-4ca1-9b13-3f457ecd75bc}</UniqueIdentifier>
    </Filter>
    <Filter Include="Prospect\Resources">
      <UniqueIdentifier>{33280949-7efe-4f12-963c-efee2880b4f4}</UniqueIdentifier>
    </Filter>
    <Filter Include="Prospect\Misc">
      <UniqueIdentifier>{5c3b054e-38dd-48c8-9056-57cfd51ab4fa}</UniqueIdentifier>
    </Filter>
    <Filter Include="Prospect\Misc\Objects">
      <UniqueIdentifier>{f02168e0-7699-4d6e-9dd1-99f1309dabae}</UniqueIdentifier>
    </Filter>
    <Filter Include="Prospect\Misc\ShadersFiles">
      <UniqueIdentifier>{1cc03516-f6d5-44f0-89ff-3659c61b4475}</UniqueIdentifier>
    </Filter>
    <Filter Include="Prospect\Misc\ShadersFiles\Atmosphere">
      <UniqueIdentifier>{ddb92876-00b9-4f04-9f05-0c2a4ce5effb}</UniqueIdentifier>
    </Filter>
    <Filter Include="Prospect\Misc\ShadersFiles\Terrain">
      <UniqueIdentifier>{e2d98ff1-2253-42b2-a311-c191670eff7d}</UniqueIdentifier>
    </Filter>
    <Filter Include="Prospect\Renderer\Shaders">
      <UniqueIdentifier>{b27cbef4-acf3-41cc-af63-c9086837751a}</UniqueIdentifier>
    </Filter>
  </ItemGroup>
  <ItemGroup>
    <None Include="ShaderFiles\terrain.fs.glsl">
      <Filter>Prospect\Misc\ShadersFiles\Terrain</Filter>
    </None>
    <None Include="ShaderFiles\terrain.vs.glsl">
      <Filter>Prospect\Misc\ShadersFiles\Terrain</Filter>
    </None>
    <None Include="ShaderFiles\atmosphere.vs.glsl">
      <Filter>Prospect\Misc\ShadersFiles\Atmosphere</Filter>
    </None>
    <None Include="ShaderFiles\atmosphere.fs.glsl">
      <Filter>Prospect\Misc\ShadersFiles\Atmosphere</Filter>
    </None>
    <None Include="ShaderFiles\terrain.tes.glsl">
      <Filter>Prospect\Misc\ShadersFiles\Terrain</Filter>
    </None>
    <None Include="ShaderFiles\terrain.tcs.glsl">
      <Filter>Prospect\Misc\ShadersFiles\Terrain</Filter>
    </None>
    <None Include="ShaderFiles\cubemap.fs.glsl">
      <Filter>Prospect\Misc\ShadersFiles</Filter>
    </None>
    <None Include="ShaderFiles\cubemap.vs.glsl">
      <Filter>Prospect\Misc\ShadersFiles</Filter>
    </None>
  </ItemGroup>
</Project>